
Microsoft Visual Studio Solution File, Format Version 12.00
# Visual Studio Version 16
VisualStudioVersion = 16.0.29905.134
MinimumVisualStudioVersion = 10.0.40219.1
Project("{9A19103F-16F7-4668-BE54-9A1E7A4F7556}") = "EasySurvey.Api", "src\EasySurvey.Api\EasySurvey.Api.csproj", "{3AA50AED-6E00-478C-9E79-9812CBCF2898}"
EndProject
Project("{9A19103F-16F7-4668-BE54-9A1E7A4F7556}") = "EasySurvey.Domain", "src\EasySurvey.Domain\EasySurvey.Domain.csproj", "{2F4E232D-5C61-471E-8A82-D60D607F64EE}"
EndProject
Project("{9A19103F-16F7-4668-BE54-9A1E7A4F7556}") = "EasySurvey.Infrastructure", "src\EasySurvey.Infrastructure\EasySurvey.Infrastructure.csproj", "{EE8359F3-1F75-4534-A431-0AE5A347C45D}"
EndProject
Project("{9A19103F-16F7-4668-BE54-9A1E7A4F7556}") = "EasySurvey.Common", "src\EasySurvey.Common\EasySurvey.Common.csproj", "{26527F26-A5D9-4321-948E-B226DFC11BA8}"
EndProject
Project("{2150E333-8FDC-42A3-9474-1A3956D46DE8}") = "Solution Items", "Solution Items", "{ED795F79-6457-48F3-8A76-01A1BEA7B21B}"
	ProjectSection(SolutionItems) = preProject
		nuget.config = nuget.config
	EndProjectSection
EndProject
Project("{9A19103F-16F7-4668-BE54-9A1E7A4F7556}") = "EasySurvey.ReadModels", "src\EasySurvey.ReadModels\EasySurvey.ReadModels.csproj", "{C5D2E6CD-834B-4BB2-863C-8CCE62CB2B45}"
EndProject
Project("{FAE04EC0-301F-11D3-BF4B-00C04F79EFBC}") = "EasySurvey.Tests", "src\EasySurvey.Tests\EasySurvey.Tests.csproj", "{50CFBD08-ACB6-4D20-AEFD-720FF4EE7FA8}"
EndProject
Global
	GlobalSection(SolutionConfigurationPlatforms) = preSolution
		Debug|Any CPU = Debug|Any CPU
		Release|Any CPU = Release|Any CPU
	EndGlobalSection
	GlobalSection(ProjectConfigurationPlatforms) = postSolution
		{3AA50AED-6E00-478C-9E79-9812CBCF2898}.Debug|Any CPU.ActiveCfg = Debug|Any CPU
		{3AA50AED-6E00-478C-9E79-9812CBCF2898}.Debug|Any CPU.Build.0 = Debug|Any CPU
		{3AA50AED-6E00-478C-9E79-9812CBCF2898}.Release|Any CPU.ActiveCfg = Release|Any CPU
		{3AA50AED-6E00-478C-9E79-9812CBCF2898}.Release|Any CPU.Build.0 = Release|Any CPU
		{2F4E232D-5C61-471E-8A82-D60D607F64EE}.Debug|Any CPU.ActiveCfg = Debug|Any CPU
		{2F4E232D-5C61-471E-8A82-D60D607F64EE}.Debug|Any CPU.Build.0 = Debug|Any CPU
		{2F4E232D-5C61-471E-8A82-D60D607F64EE}.Release|Any CPU.ActiveCfg = Release|Any CPU
		{2F4E232D-5C61-471E-8A82-D60D607F64EE}.Release|Any CPU.Build.0 = Release|Any CPU
		{EE8359F3-1F75-4534-A431-0AE5A347C45D}.Debug|Any CPU.ActiveCfg = Debug|Any CPU
		{EE8359F3-1F75-4534-A431-0AE5A347C45D}.Debug|Any CPU.Build.0 = Debug|Any CPU
		{EE8359F3-1F75-4534-A431-0AE5A347C45D}.Release|Any CPU.ActiveCfg = Release|Any CPU
		{EE8359F3-1F75-4534-A431-0AE5A347C45D}.Release|Any CPU.Build.0 = Release|Any CPU
		{26527F26-A5D9-4321-948E-B226DFC11BA8}.Debug|Any CPU.ActiveCfg = Debug|Any CPU
		{26527F26-A5D9-4321-948E-B226DFC11BA8}.Debug|Any CPU.Build.0 = Debug|Any CPU
		{26527F26-A5D9-4321-948E-B226DFC11BA8}.Release|Any CPU.ActiveCfg = Release|Any CPU
		{26527F26-A5D9-4321-948E-B226DFC11BA8}.Release|Any CPU.Build.0 = Release|Any CPU
		{C5D2E6CD-834B-4BB2-863C-8CCE62CB2B45}.Debug|Any CPU.ActiveCfg = Debug|Any CPU
		{C5D2E6CD-834B-4BB2-863C-8CCE62CB2B45}.Debug|Any CPU.Build.0 = Debug|Any CPU
		{C5D2E6CD-834B-4BB2-863C-8CCE62CB2B45}.Release|Any CPU.ActiveCfg = Release|Any CPU
		{C5D2E6CD-834B-4BB2-863C-8CCE62CB2B45}.Release|Any CPU.Build.0 = Release|Any CPU
		{50CFBD08-ACB6-4D20-AEFD-720FF4EE7FA8}.Debug|Any CPU.ActiveCfg = Debug|Any CPU
		{50CFBD08-ACB6-4D20-AEFD-720FF4EE7FA8}.Debug|Any CPU.Build.0 = Debug|Any CPU
		{50CFBD08-ACB6-4D20-AEFD-720FF4EE7FA8}.Release|Any CPU.ActiveCfg = Release|Any CPU
		{50CFBD08-ACB6-4D20-AEFD-720FF4EE7FA8}.Release|Any CPU.Build.0 = Release|Any CPU
	EndGlobalSection
	GlobalSection(SolutionProperties) = preSolution
		HideSolutionNode = FALSE
	EndGlobalSection
	GlobalSection(ExtensibilityGlobals) = postSolution
		SolutionGuid = {1AB7158D-581F-463F-B808-552DAE2C1261}
	EndGlobalSection
EndGlobal
